github.com/BurntSushi/toml v0.3.1/go.mod h1:xHWCNGjB5oqiDr8zfno3MHue2Ht5sIBksp03qcyfWMU=
github.com/go-sql-driver/mysql v1.4.1/go.mod h1:zAC/RDZ24gD3HViQzih4MyKcchzm+sOG5ZlKdlhCg5w=
github.com/lib/pq v1.1.1/go.mod h1:5WUZQaWbwv1U+lTReE5YruASi9Al49XbQIvNi/34Woo=
github.com/nissy/envexpand v1.0.6 h1:6r1dLDLfzmdRUiD2X96oV5xDGuL3VqVQbi9UJqtD/R0=
github.com/nissy/envexpand v1.0.6/go.mod h1:/Yntm9JcWWo/LMYcEll/nr0xNCYh0Xf/+9BU2IZ0EMo=
